
Microsoft Visual Studio Solution File, Format Version 12.00
# Visual Studio Version 17
VisualStudioVersion = 17.0.32112.339
MinimumVisualStudioVersion = 10.0.40219.1
Project("{FAE04EC0-301F-11D3-BF4B-00C04F79EFBC}") = "AlarmaDecibeles", "AlarmaDecibeles.csproj", "{5D9FF3E3-C523-440A-945B-A8FBFE048BD8}"
EndProject
Global
	GlobalSection(SolutionConfigurationPlatforms) = preSolution
		Debug|Any CPU = Debug|Any CPU
		Release|Any CPU = Release|Any CPU
	EndGlobalSection
	GlobalSection(ProjectConfigurationPlatforms) = postSolution
		{5D9FF3E3-C523-440A-945B-A8FBFE048BD8}.Debug|Any CPU.ActiveCfg = Debug|Any CPU
		{5D9FF3E3-C523-440A-945B-A8FBFE048BD8}.Debug|Any CPU.Build.0 = Debug|Any CPU
		{5D9FF3E3-C523-440A-945B-A8FBFE048BD8}.Release|Any CPU.ActiveCfg = Release|Any CPU
		{5D9FF3E3-C523-440A-945B-A8FBFE048BD8}.Release|Any CPU.Build.0 = Release|Any CPU
	EndGlobalSection
	GlobalSection(SolutionProperties) = preSolution
		HideSolutionNode = FALSE
	EndGlobalSection
	GlobalSection(ExtensibilityGlobals) = postSolution
		SolutionGuid = {02D30C16-6FE4-443A-ACAA-603E3C08218A}
	EndGlobalSection
EndGlobal
